{
  "name": "procitygen",
  "version": "1.0.0",
  "lockfileVersion": 1,
  "requires": true,
  "dependencies": {
    "@types/two.js": {
      "version": "0.7.2",
      "resolved": "https://registry.npmjs.org/@types/two.js/-/two.js-0.7.2.tgz",
      "integrity": "sha512-2IR3lqfFPmfAcPtoQCbu5nob/5PjMKWsNxJcViM54QrU3Tdno3eS3u1zCDwyavHpMbY4Limh/wdAa6KHImhElg=="
    },
    "open-simplex-noise": {
      "version": "2.3.1",
      "resolved": "https://registry.npmjs.org/open-simplex-noise/-/open-simplex-noise-2.3.1.tgz",
      "integrity": "sha512-akJvOFDWOoyNHg/ahxZQLBkBvKofV4avYLksYcaSUXNEHU+Y0bJlRRlZEf0MV753CR+lVSMtEPBv7NacDM+0mg=="
    },
    "quadtree-lib": {
      "version": "1.0.9",
      "resolved": "https://registry.npmjs.org/quadtree-lib/-/quadtree-lib-1.0.9.tgz",
      "integrity": "sha512-2hFsbM1+gqVkNafxAEjv/XD9VO7s4urGkV/Wdo36YoQQ7q4i6IgcAcVcmbWLOtVcIj7XYQmUl1QUOBr59FDbsA=="
    },
    "ts-priority-queue": {
      "version": "0.1.1",
      "resolved": "https://registry.npmjs.org/ts-priority-queue/-/ts-priority-queue-0.1.1.tgz",
      "integrity": "sha512-jNwbk4ItfTHVopnlQ/Z7UUlbF1TNsdXS2cb1W8kI6lm8UauIjs8CYSOEh1E/yrIEhl+HVFUMp60ma6fKuvBhBQ=="
    },
    "two.js": {
      "version": "0.7.0-stable.1",
      "resolved": "https://registry.npmjs.org/two.js/-/two.js-0.7.0-stable.1.tgz",
      "integrity": "sha512-4QULPtstGEyGbhMvVvCGxgm85Un6CMYqFYafw7hNan9LdqoYZqMnxsaj8pkfBT4zpRfqB98aZjGrWYoCBqKtXA=="
    },
    "typescript": {
      "version": "3.9.3",
      "resolved": "https://registry.npmjs.org/typescript/-/typescript-3.9.3.tgz",
      "integrity": "sha512-D/wqnB2xzNFIcoBG9FG8cXRDjiqSTbG2wd8DMZeQyJlP1vfTkIxH4GKveWaEBYySKIg+USu+E+EDIR47SqnaMQ==",
      "dev": true
    }
  }
}
